
Microsoft Visual Studio Solution File, Format Version 12.00
# Visual Studio Version 17
VisualStudioVersion = 17.4.33213.308
MinimumVisualStudioVersion = 10.0.40219.1
Project("{9A19103F-16F7-4668-BE54-9A1E7A4F7556}") = "StaffManagament", "StaffManagament.csproj", "{50C8D0FC-DF2B-4D3A-85AF-8E36F002E8E3}"
EndProject
Project("{FAE04EC0-301F-11D3-BF4B-00C04F79EFBC}") = "StaffManagament.DataAccess", "..\StaffManagament.DataAccess\StaffManagament.DataAccess.csproj", "{C0F1B500-0642-49CC-8F35-5474C4ECBD4F}"
EndProject
Global
	GlobalSection(SolutionConfigurationPlatforms) = preSolution
		Debug|Any CPU = Debug|Any CPU
		Release|Any CPU = Release|Any CPU
	EndGlobalSection
	GlobalSection(ProjectConfigurationPlatforms) = postSolution
		{50C8D0FC-DF2B-4D3A-85AF-8E36F002E8E3}.Debug|Any CPU.ActiveCfg = Debug|Any CPU
		{50C8D0FC-DF2B-4D3A-85AF-8E36F002E8E3}.Debug|Any CPU.Build.0 = Debug|Any CPU
		{50C8D0FC-DF2B-4D3A-85AF-8E36F002E8E3}.Release|Any CPU.ActiveCfg = Release|Any CPU
		{50C8D0FC-DF2B-4D3A-85AF-8E36F002E8E3}.Release|Any CPU.Build.0 = Release|Any CPU
		{C0F1B500-0642-49CC-8F35-5474C4ECBD4F}.Debug|Any CPU.ActiveCfg = Debug|Any CPU
		{C0F1B500-0642-49CC-8F35-5474C4ECBD4F}.Debug|Any CPU.Build.0 = Debug|Any CPU
		{C0F1B500-0642-49CC-8F35-5474C4ECBD4F}.Release|Any CPU.ActiveCfg = Release|Any CPU
		{C0F1B500-0642-49CC-8F35-5474C4ECBD4F}.Release|Any CPU.Build.0 = Release|Any CPU
	EndGlobalSection
	GlobalSection(SolutionProperties) = preSolution
		HideSolutionNode = FALSE
	EndGlobalSection
	GlobalSection(ExtensibilityGlobals) = postSolution
		SolutionGuid = {E0DC50C1-FF5A-4C74-9A87-0D1A64C65978}
	EndGlobalSection
EndGlobal
